{
  "version": "2",
  "remote": {
    "https://deno.land/std@0.201.0/assert/assert.ts": "9a97dad6d98c238938e7540736b826440ad8c1c1e54430ca4c4e623e585607ee",
    "https://deno.land/std@0.201.0/assert/assertion_error.ts": "4d0bde9b374dfbcbe8ac23f54f567b77024fb67dbb1906a852d67fe050d42f56",
    "https://deno.land/std@0.201.0/flags/mod.ts": "0948466fc437f017f00c0b972a422b3dc3317a790bcf326429d23182977eaf9f",
    "https://raw.githubusercontent.com/apacheli/whirlybird/dev/cache/cache_client.js": "d1ae706636af6fa5cfaa2be85f7a209c8a716cbc4d56bf556ee7bca1256ae556",
    "https://raw.githubusercontent.com/apacheli/whirlybird/dev/cache/cache_map.js": "c98a5e75768307af7ce2eb8b57c66593a12cc61644be6524e614172742be610e",
    "https://raw.githubusercontent.com/apacheli/whirlybird/dev/cache/channel.js": "4940b8b27c81e1dab11809e735c15de648ede784663bd4dd387d1c4624daf3d3",
    "https://raw.githubusercontent.com/apacheli/whirlybird/dev/cache/emoji.js": "bbbbd2a64c76c6b9d9805ba34fa29b39232f1cc9f3bd07b2ef6b27e63f709c18",
    "https://raw.githubusercontent.com/apacheli/whirlybird/dev/cache/guild.js": "8865ba2f3d27a88d29a651364af41eb878e0ed43b68438e1fb8a346b81c5a060",
    "https://raw.githubusercontent.com/apacheli/whirlybird/dev/cache/lib.js": "f810e406198f0d9b05f1269a154dc386a1392b36fc2e1e8cd4e3f2e86111e8a0",
    "https://raw.githubusercontent.com/apacheli/whirlybird/dev/cache/member.js": "ddfe3dcb84309c1545c986f7da967534ef811ede73684d9a932a81cc98231bb5",
    "https://raw.githubusercontent.com/apacheli/whirlybird/dev/cache/presence.js": "d5744ef46f75bf69b6e001f7effa3b71bbd695a5318cf77afdfc0463aff0fa9a",
    "https://raw.githubusercontent.com/apacheli/whirlybird/dev/cache/role.js": "82ccdc23b32bfd189fd5719daf7dd41e6f6bb676cbf1f6d0d639154742fdb3a4",
    "https://raw.githubusercontent.com/apacheli/whirlybird/dev/cache/scheduled_event.js": "d13677c37e21a2d8d713df725f45e3388eb1f87fbda57943de0ac93a848c6b99",
    "https://raw.githubusercontent.com/apacheli/whirlybird/dev/cache/stage_instance.js": "d701b282e712ef0003d33bf958d7a9792cbeaffe94a13de204f877d8fdafb24a",
    "https://raw.githubusercontent.com/apacheli/whirlybird/dev/cache/sticker.js": "551bb93bf8401fe75e0ce30cb5d67e4142d0c5ecbfebbb2fecad0c66dcae101c",
    "https://raw.githubusercontent.com/apacheli/whirlybird/dev/cache/user.js": "6ad2c4cef3c767ad8e7bdd60a2fe48b7e3b2b2c71fa478531e792bdb49000e68",
    "https://raw.githubusercontent.com/apacheli/whirlybird/dev/cache/voice_state.js": "39b022a4bef2abbd874eaa58583d90563fe8cb0dbbe9cb468be19b96e1501a77",
    "https://raw.githubusercontent.com/apacheli/whirlybird/dev/gateway/close_on_interrupt.js": "452a4cd3b9f744cadcecea534bbfa41c199815a2bd2d9473079132b652cd825b",
    "https://raw.githubusercontent.com/apacheli/whirlybird/dev/gateway/cluster_client.js": "6f35d7889583fde3efe10d48fa7dd42c56525f2e7d39b72310221fce8478ccb5",
    "https://raw.githubusercontent.com/apacheli/whirlybird/dev/gateway/gateway_client.js": "bb395627ea6cc623650b8f8884890b2e0c54eeeabd0eac5f745ba33734d07abe",
    "https://raw.githubusercontent.com/apacheli/whirlybird/dev/gateway/lib.js": "4e8a27ad2b2848685023df616a1c07d1f0ccf4226872aef1bc94125a90edeee0",
    "https://raw.githubusercontent.com/apacheli/whirlybird/dev/gateway/shard_client.js": "07ac07b65a485f20a6bf709e1760bcf7c003eba9d57a5d4ee586a2b77d2485eb",
    "https://raw.githubusercontent.com/apacheli/whirlybird/dev/gateway/worker_gateway_client.js": "72dda41ce0b53a48a7e37616b3f16f3a3e4efb24fb521e79cb805a9f1d94fffb",
    "https://raw.githubusercontent.com/apacheli/whirlybird/dev/interactions/application_command.js": "b9f198b90e5bcbd46f8a4f8ba3a8b26a94cdca0c1f4b486f294ed1f38ea02c53",
    "https://raw.githubusercontent.com/apacheli/whirlybird/dev/interactions/key.js": "0071294a6e3a03230e234c1d2281f0e882fc91c07d448ec7f902a4dcbd6782ff",
    "https://raw.githubusercontent.com/apacheli/whirlybird/dev/interactions/lib.js": "75b2eda4ea7d4645a83f3d82265903ca70d3b833987dfa4d740485e7fcb589df",
    "https://raw.githubusercontent.com/apacheli/whirlybird/dev/interactions/message_component.js": "72959fe6dc9a438c66bbb3206a7882ce3e44ab3ccab7c7645005161d113d7d1d",
    "https://raw.githubusercontent.com/apacheli/whirlybird/dev/interactions/response.js": "9ab05a34d9df9cf53224b97a50ffdbd7291c25c69aaa85f853487f3ad1500609",
    "https://raw.githubusercontent.com/apacheli/whirlybird/dev/interactions/server.js": "7555825266e61c1e0c3962902433f60d0a00bbff1570674e693cd94b91750599",
    "https://raw.githubusercontent.com/apacheli/whirlybird/dev/lib.js": "b654cf3129d10df3122286c9f3106ac3897dee6ea47ffce693cb60a878619dd8",
    "https://raw.githubusercontent.com/apacheli/whirlybird/dev/rest/cdn.js": "4a59284334e075d7f161093167a3f038f45f2d2768ee6b58ea92b17e111d4bde",
    "https://raw.githubusercontent.com/apacheli/whirlybird/dev/rest/http_error.js": "36a9449beecb0d8bdaf4d144644d8ce835ec1300577d16fa005cea58e2e4c9fb",
    "https://raw.githubusercontent.com/apacheli/whirlybird/dev/rest/lib.js": "747eb6542fd48ec829bf31c711f35cf6904511101ea85c1de9b842c1bef92898",
    "https://raw.githubusercontent.com/apacheli/whirlybird/dev/rest/rest_client.js": "cdf12621f5087c6d43ab0a8271d2e224afe4f17d52772592eefb037a60d7c5b1",
    "https://raw.githubusercontent.com/apacheli/whirlybird/dev/util/ansi.js": "41ca6e88c7aa544cb100ef0a7615a588ff4ceef58d3bc6f4eb29367cf2792a85",
    "https://raw.githubusercontent.com/apacheli/whirlybird/dev/util/hex.js": "8efbe956b218641f83920d87ba7230148e31e4f6ca1d5b0bbc208a80c6704edf",
    "https://raw.githubusercontent.com/apacheli/whirlybird/dev/util/http.js": "cbc3b350be8daf2f0c28a8e91b963fd585ed3f27b48c93e5706233c7c0c3b67b",
    "https://raw.githubusercontent.com/apacheli/whirlybird/dev/util/lib.js": "84fe93ecc02c91d9c3bab3e0ffb19a3ee2067fa9795b8cc73877c98338ca644c",
    "https://raw.githubusercontent.com/apacheli/whirlybird/dev/util/logger.js": "c07f98420a0f54e88d84d6a61bb2a04dafd2ae3421c7a1d55a7fae143cecedf0",
    "https://raw.githubusercontent.com/apacheli/whirlybird/dev/util/rate_limit.js": "54e005135077bb336230c49c6ada12e7c545e6cc4b1e97887661718fabe45972",
    "https://raw.githubusercontent.com/apacheli/whirlybird/dev/util/snowflake.js": "eabf6912d07cfa15adc1b318546dfc09607d8e56966825c095f2f0760d2337e8",
    "https://raw.githubusercontent.com/apacheli/whirlybird/dev/util/utf_8.js": "8bb32ef009ceb8eb3fb98cd97c197647de1557a0dac34f1b78cf55dedc2d6d4c"
  }
}
